
Microsoft Visual Studio Solution File, Format Version 12.00
# Visual Studio Version 16
VisualStudioVersion = 16.0.29613.14
MinimumVisualStudioVersion = 10.0.40219.1
Project("{888888A0-9F3D-457C-B088-3A5042F75D52}") = "FinalProject", "FinalProject\FinalProject.pyproj", "{52F52281-2A83-48F9-A1B9-89876D845D27}"
EndProject
Global
	GlobalSection(SolutionConfigurationPlatforms) = preSolution
		Debug|Any CPU = Debug|Any CPU
		Release|Any CPU = Release|Any CPU
	EndGlobalSection
	GlobalSection(ProjectConfigurationPlatforms) = postSolution
		{52F52281-2A83-48F9-A1B9-89876D845D27}.Debug|Any CPU.ActiveCfg = Debug|Any CPU
		{52F52281-2A83-48F9-A1B9-89876D845D27}.Debug|Any CPU.Build.0 = Debug|Any CPU
		{52F52281-2A83-48F9-A1B9-89876D845D27}.Release|Any CPU.ActiveCfg = Release|Any CPU
		{52F52281-2A83-48F9-A1B9-89876D845D27}.Release|Any CPU.Build.0 = Release|Any CPU
	EndGlobalSection
	GlobalSection(SolutionProperties) = preSolution
		HideSolutionNode = FALSE
	EndGlobalSection
	GlobalSection(ExtensibilityGlobals) = postSolution
		SolutionGuid = {33B8D848-411A-478E-B915-E967BFE57E50}
	EndGlobalSection
EndGlobal
